// !$*UTF8*$!
{
	archiveVersion = 1;
	classes = {
	};
	objectVersion = 46;
	objects = {

/* Begin PBXBuildFile section */
		27661B128B0D2432F78BF800 /* Pods_GoChangeTests.framework in Frameworks */ = {isa = PBXBuildFile; fileRef = 05D87CD73870A0D071F5D3ED /* Pods_GoChangeTests.framework */; };
		3618C41B1CE23E3A003102C1 /* FindRecentProblem.swift in Sources */ = {isa = PBXBuildFile; fileRef = 3618C41A1CE23E3A003102C1 /* FindRecentProblem.swift */; };
		3618C41D1CE2573E003102C1 /* GetRecentlyAdded.swift in Sources */ = {isa = PBXBuildFile; fileRef = 3618C41C1CE2573E003102C1 /* GetRecentlyAdded.swift */; };
		361A06401CB2CD450066C07C /* RetrieveAllNamesFromFirebase.swift in Sources */ = {isa = PBXBuildFile; fileRef = 361A063F1CB2CD450066C07C /* RetrieveAllNamesFromFirebase.swift */; };
		361E7EFF1CE4F70A00998B7E /* CheckForNetwork.swift in Sources */ = {isa = PBXBuildFile; fileRef = 361E7EFE1CE4F70A00998B7E /* CheckForNetwork.swift */; };
		367AEBDE1CF1B563003AB9B1 /* GoogleService-Info.plist in Resources */ = {isa = PBXBuildFile; fileRef = 367AEBDD1CF1B563003AB9B1 /* GoogleService-Info.plist */; };
		369A433F1CD2695C00D84A6B /* ViewIdeaViewController.swift in Sources */ = {isa = PBXBuildFile; fileRef = 369A433E1CD2695C00D84A6B /* ViewIdeaViewController.swift */; };
		369EF17D1C80C24600D8D46A /* Problem.swift in Sources */ = {isa = PBXBuildFile; fileRef = 369EF17C1C80C24600D8D46A /* Problem.swift */; };
		369EF17F1C80C5D900D8D46A /* CoreDataStackManager.swift in Sources */ = {isa = PBXBuildFile; fileRef = 369EF17E1C80C5D900D8D46A /* CoreDataStackManager.swift */; };
		36AE6F361C8C37A50041B5CD /* UpdateUserInfoController.swift in Sources */ = {isa = PBXBuildFile; fileRef = 36AE6F351C8C37A50041B5CD /* UpdateUserInfoController.swift */; };
		36BAA9B91CFC554E007A4B3F /* Febrero-Light.otf in Resources */ = {isa = PBXBuildFile; fileRef = 36BAA9B71CFC554E007A4B3F /* Febrero-Light.otf */; };
		36BAA9BA1CFC554E007A4B3F /* Febrero-Regular.otf in Resources */ = {isa = PBXBuildFile; fileRef = 36BAA9B81CFC554E007A4B3F /* Febrero-Regular.otf */; };
		36C37C6C1C7A00E3002B4FB1 /* AppDelegate.swift in Sources */ = {isa = PBXBuildFile; fileRef = 36C37C6B1C7A00E3002B4FB1 /* AppDelegate.swift */; };
		36C37C711C7A00E3002B4FB1 /* Main.storyboard in Resources */ = {isa = PBXBuildFile; fileRef = 36C37C6F1C7A00E3002B4FB1 /* Main.storyboard */; };
		36C37C741C7A00E3002B4FB1 /* GoChange.xcdatamodeld in Sources */ = {isa = PBXBuildFile; fileRef = 36C37C721C7A00E3002B4FB1 /* GoChange.xcdatamodeld */; };
		36C37C761C7A00E3002B4FB1 /* Assets.xcassets in Resources */ = {isa = PBXBuildFile; fileRef = 36C37C751C7A00E3002B4FB1 /* Assets.xcassets */; };
		36C37C791C7A00E3002B4FB1 /* LaunchScreen.storyboard in Resources */ = {isa = PBXBuildFile; fileRef = 36C37C771C7A00E3002B4FB1 /* LaunchScreen.storyboard */; };
		36C37C841C7A00E3002B4FB1 /* GoChangeTests.swift in Sources */ = {isa = PBXBuildFile; fileRef = 36C37C831C7A00E3002B4FB1 /* GoChangeTests.swift */; };
		36C37C8F1C7A00E3002B4FB1 /* GoChangeUITests.swift in Sources */ = {isa = PBXBuildFile; fileRef = 36C37C8E1C7A00E3002B4FB1 /* GoChangeUITests.swift */; };
		36C37CAE1C7A01AC002B4FB1 /* AddIdeaViewController.swift in Sources */ = {isa = PBXBuildFile; fileRef = 36C37CA11C7A01AC002B4FB1 /* AddIdeaViewController.swift */; };
		36C37CB21C7A01AC002B4FB1 /* CreateProblemViewController.swift in Sources */ = {isa = PBXBuildFile; fileRef = 36C37CA51C7A01AC002B4FB1 /* CreateProblemViewController.swift */; };
		36C37CB31C7A01AC002B4FB1 /* FollowingViewController.swift in Sources */ = {isa = PBXBuildFile; fileRef = 36C37CA61C7A01AC002B4FB1 /* FollowingViewController.swift */; };
		36C37CB41C7A01AC002B4FB1 /* HomeViewController.swift in Sources */ = {isa = PBXBuildFile; fileRef = 36C37CA71C7A01AC002B4FB1 /* HomeViewController.swift */; };
		36C37CB61C7A01AC002B4FB1 /* loginViewController.swift in Sources */ = {isa = PBXBuildFile; fileRef = 36C37CA91C7A01AC002B4FB1 /* loginViewController.swift */; };
		36C37CB71C7A01AC002B4FB1 /* ResultsViewController.swift in Sources */ = {isa = PBXBuildFile; fileRef = 36C37CAA1C7A01AC002B4FB1 /* ResultsViewController.swift */; };
		36C37CB81C7A01AC002B4FB1 /* SearchViewController.swift in Sources */ = {isa = PBXBuildFile; fileRef = 36C37CAB1C7A01AC002B4FB1 /* SearchViewController.swift */; };
		36C37CB91C7A01AC002B4FB1 /* SignupViewController.swift in Sources */ = {isa = PBXBuildFile; fileRef = 36C37CAC1C7A01AC002B4FB1 /* SignupViewController.swift */; };
		36C37CBA1C7A01AC002B4FB1 /* WebViewController.swift in Sources */ = {isa = PBXBuildFile; fileRef = 36C37CAD1C7A01AC002B4FB1 /* WebViewController.swift */; };
		36C37CBE1C7A01C5002B4FB1 /* GoChangeClient.swift in Sources */ = {isa = PBXBuildFile; fileRef = 36C37CBB1C7A01C5002B4FB1 /* GoChangeClient.swift */; };
		36C37CBF1C7A01C5002B4FB1 /* GoChangeConstants.swift in Sources */ = {isa = PBXBuildFile; fileRef = 36C37CBC1C7A01C5002B4FB1 /* GoChangeConstants.swift */; };
		36CB44141CCF504A000AD3C5 /* ChangeOrgCode.swift in Sources */ = {isa = PBXBuildFile; fileRef = 36CB44131CCF504A000AD3C5 /* ChangeOrgCode.swift */; };
		36D214591CDA568C00C3142B /* DeleteProblemFromCoreData.swift in Sources */ = {isa = PBXBuildFile; fileRef = 36D214581CDA568C00C3142B /* DeleteProblemFromCoreData.swift */; };
		36D7CA051CA542C100A73176 /* TempSave.swift in Sources */ = {isa = PBXBuildFile; fileRef = 36D7CA041CA542C100A73176 /* TempSave.swift */; };
		36D7CA071CA597F200A73176 /* Solution.swift in Sources */ = {isa = PBXBuildFile; fileRef = 36D7CA061CA597F200A73176 /* Solution.swift */; };
		36D82C1F1CD3506400FDA274 /* ViewFollowingViewController.swift in Sources */ = {isa = PBXBuildFile; fileRef = 36D82C1E1CD3506400FDA274 /* ViewFollowingViewController.swift */; };
		36D82C211CD37EC300FDA274 /* RetrieveNamesFromFirebase.swift in Sources */ = {isa = PBXBuildFile; fileRef = 36D82C201CD37EC300FDA274 /* RetrieveNamesFromFirebase.swift */; };
		36D82C231CD3A56E00FDA274 /* SearchController.swift in Sources */ = {isa = PBXBuildFile; fileRef = 36D82C221CD3A56E00FDA274 /* SearchController.swift */; };
		36D963F71CB556A1006F9D36 /* RetrieveSolutionsFromFirebase.swift in Sources */ = {isa = PBXBuildFile; fileRef = 36D963F61CB556A1006F9D36 /* RetrieveSolutionsFromFirebase.swift */; };
		36DE37521CB12640005DEEEA /* RetrieveSolutions.swift in Sources */ = {isa = PBXBuildFile; fileRef = 36DE37511CB12640005DEEEA /* RetrieveSolutions.swift */; };
		36DEEA491CC1612E000FF3A4 /* ViewResultViewController.swift in Sources */ = {isa = PBXBuildFile; fileRef = 36DEEA481CC1612E000FF3A4 /* ViewResultViewController.swift */; };
		36E5649F1CCCA72E008656EC /* SaveResultToCoreData.swift in Sources */ = {isa = PBXBuildFile; fileRef = 36E5649E1CCCA72E008656EC /* SaveResultToCoreData.swift */; };
		36E564A11CCCA79E008656EC /* SaveNewProblem.swift in Sources */ = {isa = PBXBuildFile; fileRef = 36E564A01CCCA79E008656EC /* SaveNewProblem.swift */; };
		36E564A31CCCA7D9008656EC /* UpdateCoreDataSolutions.swift in Sources */ = {isa = PBXBuildFile; fileRef = 36E564A21CCCA7D9008656EC /* UpdateCoreDataSolutions.swift */; };
		36E564A51CCCA815008656EC /* SaveNewSolution.swift in Sources */ = {isa = PBXBuildFile; fileRef = 36E564A41CCCA815008656EC /* SaveNewSolution.swift */; };
		36E703EF1CAEE30C007C880C /* RetrieveProblem.swift in Sources */ = {isa = PBXBuildFile; fileRef = 36E703EE1CAEE30C007C880C /* RetrieveProblem.swift */; };
		36E705B41CC79802003F5C6A /* VoteForSolution.swift in Sources */ = {isa = PBXBuildFile; fileRef = 36E705B31CC79802003F5C6A /* VoteForSolution.swift */; };
		36EB1EBA1CB42E9000EA0CC4 /* RetrieveDetailsFromFirebase.swift in Sources */ = {isa = PBXBuildFile; fileRef = 36EB1EB91CB42E9000EA0CC4 /* RetrieveDetailsFromFirebase.swift */; };
		36F4EDD91CD4C39600F26996 /* CheckVote.swift in Sources */ = {isa = PBXBuildFile; fileRef = 36F4EDD81CD4C39600F26996 /* CheckVote.swift */; };
		36F6FE621CE0EE6200AA8F3B /* CoreData.framework in Frameworks */ = {isa = PBXBuildFile; fileRef = 36F6FE611CE0EE6200AA8F3B /* CoreData.framework */; };
		36F84D371CD75A78008DC722 /* CustomTableViewCell.swift in Sources */ = {isa = PBXBuildFile; fileRef = 36F84D361CD75A78008DC722 /* CustomTableViewCell.swift */; };
		36F871B71CB81503006706BD /* RetrieveSolutionCountFirebase.swift in Sources */ = {isa = PBXBuildFile; fileRef = 36F871B61CB81503006706BD /* RetrieveSolutionCountFirebase.swift */; };
		4453B0BC951A64820062D4CC /* Pods_GoChangeUITests.framework in Frameworks */ = {isa = PBXBuildFile; fileRef = 908C89390BA770E728A17D4A /* Pods_GoChangeUITests.framework */; };
		BE0D7C800763A184056638D1 /* Pods_GoChange.framework in Frameworks */ = {isa = PBXBuildFile; fileRef = 85D492DC403305E9C56B7687 /* Pods_GoChange.framework */; };
/* End PBXBuildFile section */

/* Begin PBXContainerItemProxy section */
		36C37C801C7A00E3002B4FB1 /* PBXContainerItemProxy */ = {
			isa = PBXContainerItemProxy;
			containerPortal = 36C37C601C7A00E2002B4FB1 /* Project object */;
			proxyType = 1;
			remoteGlobalIDString = 36C37C671C7A00E2002B4FB1;
			remoteInfo = GoChange;
		};
		36C37C8B1C7A00E3002B4FB1 /* PBXContainerItemProxy */ = {
			isa = PBXContainerItemProxy;
			containerPortal = 36C37C601C7A00E2002B4FB1 /* Project object */;
			proxyType = 1;
			remoteGlobalIDString = 36C37C671C7A00E2002B4FB1;
			remoteInfo = GoChange;
		};
/* End PBXContainerItemProxy section */

/* Begin PBXFileReference section */
		05D87CD73870A0D071F5D3ED /* Pods_GoChangeTests.framework */ = {isa = PBXFileReference; explicitFileType = wrapper.framework; includeInIndex = 0; path = Pods_GoChangeTests.framework; sourceTree = BUILT_PRODUCTS_DIR; };
		23380112ACECCADADFF05917 /* Pods-GoChangeTests.debug.xcconfig */ = {isa = PBXFileReference; includeInIndex = 1; lastKnownFileType = text.xcconfig; name = "Pods-GoChangeTests.debug.xcconfig"; path = "Pods/Target Support Files/Pods-GoChangeTests/Pods-GoChangeTests.debug.xcconfig"; sourceTree = "<group>"; };
		3618C41A1CE23E3A003102C1 /* FindRecentProblem.swift */ = {isa = PBXFileReference; fileEncoding = 4; lastKnownFileType = sourcecode.swift; path = FindRecentProblem.swift; sourceTree = "<group>"; };
		3618C41C1CE2573E003102C1 /* GetRecentlyAdded.swift */ = {isa = PBXFileReference; fileEncoding = 4; lastKnownFileType = sourcecode.swift; path = GetRecentlyAdded.swift; sourceTree = "<group>"; };
		361A063F1CB2CD450066C07C /* RetrieveAllNamesFromFirebase.swift */ = {isa = PBXFileReference; fileEncoding = 4; lastKnownFileType = sourcecode.swift; path = RetrieveAllNamesFromFirebase.swift; sourceTree = "<group>"; };
		361E7EFE1CE4F70A00998B7E /* CheckForNetwork.swift */ = {isa = PBXFileReference; fileEncoding = 4; lastKnownFileType = sourcecode.swift; path = CheckForNetwork.swift; sourceTree = "<group>"; };
		367AEBDD1CF1B563003AB9B1 /* GoogleService-Info.plist */ = {isa = PBXFileReference; fileEncoding = 4; lastKnownFileType = text.plist.xml; path = "GoogleService-Info.plist"; sourceTree = "<group>"; };
		369A433E1CD2695C00D84A6B /* ViewIdeaViewController.swift */ = {isa = PBXFileReference; fileEncoding = 4; lastKnownFileType = sourcecode.swift; path = ViewIdeaViewController.swift; sourceTree = "<group>"; };
		369EF17C1C80C24600D8D46A /* Problem.swift */ = {isa = PBXFileReference; fileEncoding = 4; lastKnownFileType = sourcecode.swift; path = Problem.swift; sourceTree = "<group>"; };
		369EF17E1C80C5D900D8D46A /* CoreDataStackManager.swift */ = {isa = PBXFileReference; fileEncoding = 4; lastKnownFileType = sourcecode.swift; path = CoreDataStackManager.swift; sourceTree = "<group>"; };
		36AE6F351C8C37A50041B5CD /* UpdateUserInfoController.swift */ = {isa = PBXFileReference; fileEncoding = 4; lastKnownFileType = sourcecode.swift; path = UpdateUserInfoController.swift; sourceTree = "<group>"; };
		36BAA9B71CFC554E007A4B3F /* Febrero-Light.otf */ = {isa = PBXFileReference; lastKnownFileType = file; path = "Febrero-Light.otf"; sourceTree = "<group>"; };
		36BAA9B81CFC554E007A4B3F /* Febrero-Regular.otf */ = {isa = PBXFileReference; lastKnownFileType = file; path = "Febrero-Regular.otf"; sourceTree = "<group>"; };
		36C37C681C7A00E2002B4FB1 /* GoChange.app */ = {isa = PBXFileReference; explicitFileType = wrapper.application; includeInIndex = 0; path = GoChange.app; sourceTree = BUILT_PRODUCTS_DIR; };
		36C37C6B1C7A00E3002B4FB1 /* AppDelegate.swift */ = {isa = PBXFileReference; lastKnownFileType = sourcecode.swift; path = AppDelegate.swift; sourceTree = "<group>"; };
		36C37C701C7A00E3002B4FB1 /* Base */ = {isa = PBXFileReference; lastKnownFileType = file.storyboard; name = Base; path = Base.lproj/Main.storyboard; sourceTree = "<group>"; };
		36C37C731C7A00E3002B4FB1 /* GoChange.xcdatamodel */ = {isa = PBXFileReference; lastKnownFileType = wrapper.xcdatamodel; path = GoChange.xcdatamodel; sourceTree = "<group>"; };
		36C37C751C7A00E3002B4FB1 /* Assets.xcassets */ = {isa = PBXFileReference; lastKnownFileType = folder.assetcatalog; path = Assets.xcassets; sourceTree = "<group>"; };
		36C37C781C7A00E3002B4FB1 /* Base */ = {isa = PBXFileReference; lastKnownFileType = file.storyboard; name = Base; path = Base.lproj/LaunchScreen.storyboard; sourceTree = "<group>"; };
		36C37C7A1C7A00E3002B4FB1 /* Info.plist */ = {isa = PBXFileReference; lastKnownFileType = text.plist.xml; path = Info.plist; sourceTree = "<group>"; };
		36C37C7F1C7A00E3002B4FB1 /* GoChangeTests.xctest */ = {isa = PBXFileReference; explicitFileType = wrapper.cfbundle; includeInIndex = 0; path = GoChangeTests.xctest; sourceTree = BUILT_PRODUCTS_DIR; };
		36C37C831C7A00E3002B4FB1 /* GoChangeTests.swift */ = {isa = PBXFileReference; lastKnownFileType = sourcecode.swift; path = GoChangeTests.swift; sourceTree = "<group>"; };
		36C37C851C7A00E3002B4FB1 /* Info.plist */ = {isa = PBXFileReference; lastKnownFileType = text.plist.xml; path = Info.plist; sourceTree = "<group>"; };
		36C37C8A1C7A00E3002B4FB1 /* GoChangeUITests.xctest */ = {isa = PBXFileReference; explicitFileType = wrapper.cfbundle; includeInIndex = 0; path = GoChangeUITests.xctest; sourceTree = BUILT_PRODUCTS_DIR; };
		36C37C8E1C7A00E3002B4FB1 /* GoChangeUITests.swift */ = {isa = PBXFileReference; lastKnownFileType = sourcecode.swift; path = GoChangeUITests.swift; sourceTree = "<group>"; };
		36C37C901C7A00E3002B4FB1 /* Info.plist */ = {isa = PBXFileReference; lastKnownFileType = text.plist.xml; path = Info.plist; sourceTree = "<group>"; };
		36C37CA11C7A01AC002B4FB1 /* AddIdeaViewController.swift */ = {isa = PBXFileReference; fileEncoding = 4; lastKnownFileType = sourcecode.swift; path = AddIdeaViewController.swift; sourceTree = "<group>"; };
		36C37CA51C7A01AC002B4FB1 /* CreateProblemViewController.swift */ = {isa = PBXFileReference; fileEncoding = 4; lastKnownFileType = sourcecode.swift; path = CreateProblemViewController.swift; sourceTree = "<group>"; };
		36C37CA61C7A01AC002B4FB1 /* FollowingViewController.swift */ = {isa = PBXFileReference; fileEncoding = 4; lastKnownFileType = sourcecode.swift; path = FollowingViewController.swift; sourceTree = "<group>"; };
		36C37CA71C7A01AC002B4FB1 /* HomeViewController.swift */ = {isa = PBXFileReference; fileEncoding = 4; lastKnownFileType = sourcecode.swift; path = HomeViewController.swift; sourceTree = "<group>"; };
		36C37CA91C7A01AC002B4FB1 /* loginViewController.swift */ = {isa = PBXFileReference; fileEncoding = 4; lastKnownFileType = sourcecode.swift; path = loginViewController.swift; sourceTree = "<group>"; };
		36C37CAA1C7A01AC002B4FB1 /* ResultsViewController.swift */ = {isa = PBXFileReference; fileEncoding = 4; lastKnownFileType = sourcecode.swift; path = ResultsViewController.swift; sourceTree = "<group>"; };
		36C37CAB1C7A01AC002B4FB1 /* SearchViewController.swift */ = {isa = PBXFileReference; fileEncoding = 4; lastKnownFileType = sourcecode.swift; path = SearchViewController.swift; sourceTree = "<group>"; };
		36C37CAC1C7A01AC002B4FB1 /* SignupViewController.swift */ = {isa = PBXFileReference; fileEncoding = 4; lastKnownFileType = sourcecode.swift; path = SignupViewController.swift; sourceTree = "<group>"; };
		36C37CAD1C7A01AC002B4FB1 /* WebViewController.swift */ = {isa = PBXFileReference; fileEncoding = 4; lastKnownFileType = sourcecode.swift; path = WebViewController.swift; sourceTree = "<group>"; };
		36C37CBB1C7A01C5002B4FB1 /* GoChangeClient.swift */ = {isa = PBXFileReference; fileEncoding = 4; lastKnownFileType = sourcecode.swift; path = GoChangeClient.swift; sourceTree = "<group>"; };
		36C37CBC1C7A01C5002B4FB1 /* GoChangeConstants.swift */ = {isa = PBXFileReference; fileEncoding = 4; lastKnownFileType = sourcecode.swift; path = GoChangeConstants.swift; sourceTree = "<group>"; };
		36CB44131CCF504A000AD3C5 /* ChangeOrgCode.swift */ = {isa = PBXFileReference; fileEncoding = 4; lastKnownFileType = sourcecode.swift; path = ChangeOrgCode.swift; sourceTree = "<group>"; };
		36D214581CDA568C00C3142B /* DeleteProblemFromCoreData.swift */ = {isa = PBXFileReference; fileEncoding = 4; lastKnownFileType = sourcecode.swift; path = DeleteProblemFromCoreData.swift; sourceTree = "<group>"; };
		36D7CA041CA542C100A73176 /* TempSave.swift */ = {isa = PBXFileReference; fileEncoding = 4; lastKnownFileType = sourcecode.swift; path = TempSave.swift; sourceTree = "<group>"; };
		36D7CA061CA597F200A73176 /* Solution.swift */ = {isa = PBXFileReference; fileEncoding = 4; lastKnownFileType = sourcecode.swift; path = Solution.swift; sourceTree = "<group>"; };
		36D82C1E1CD3506400FDA274 /* ViewFollowingViewController.swift */ = {isa = PBXFileReference; fileEncoding = 4; lastKnownFileType = sourcecode.swift; path = ViewFollowingViewController.swift; sourceTree = "<group>"; };
		36D82C201CD37EC300FDA274 /* RetrieveNamesFromFirebase.swift */ = {isa = PBXFileReference; fileEncoding = 4; lastKnownFileType = sourcecode.swift; path = RetrieveNamesFromFirebase.swift; sourceTree = "<group>"; };
		36D82C221CD3A56E00FDA274 /* SearchController.swift */ = {isa = PBXFileReference; fileEncoding = 4; lastKnownFileType = sourcecode.swift; path = SearchController.swift; sourceTree = "<group>"; };
		36D963F61CB556A1006F9D36 /* RetrieveSolutionsFromFirebase.swift */ = {isa = PBXFileReference; fileEncoding = 4; lastKnownFileType = sourcecode.swift; path = RetrieveSolutionsFromFirebase.swift; sourceTree = "<group>"; };
		36DE37511CB12640005DEEEA /* RetrieveSolutions.swift */ = {isa = PBXFileReference; fileEncoding = 4; lastKnownFileType = sourcecode.swift; path = RetrieveSolutions.swift; sourceTree = "<group>"; };
		36DEEA481CC1612E000FF3A4 /* ViewResultViewController.swift */ = {isa = PBXFileReference; fileEncoding = 4; lastKnownFileType = sourcecode.swift; path = ViewResultViewController.swift; sourceTree = "<group>"; };
		36E5649E1CCCA72E008656EC /* SaveResultToCoreData.swift */ = {isa = PBXFileReference; fileEncoding = 4; lastKnownFileType = sourcecode.swift; path = SaveResultToCoreData.swift; sourceTree = "<group>"; };
		36E564A01CCCA79E008656EC /* SaveNewProblem.swift */ = {isa = PBXFileReference; fileEncoding = 4; lastKnownFileType = sourcecode.swift; path = SaveNewProblem.swift; sourceTree = "<group>"; };
		36E564A21CCCA7D9008656EC /* UpdateCoreDataSolutions.swift */ = {isa = PBXFileReference; fileEncoding = 4; lastKnownFileType = sourcecode.swift; path = UpdateCoreDataSolutions.swift; sourceTree = "<group>"; };
		36E564A41CCCA815008656EC /* SaveNewSolution.swift */ = {isa = PBXFileReference; fileEncoding = 4; lastKnownFileType = sourcecode.swift; path = SaveNewSolution.swift; sourceTree = "<group>"; };
		36E703EE1CAEE30C007C880C /* RetrieveProblem.swift */ = {isa = PBXFileReference; fileEncoding = 4; lastKnownFileType = sourcecode.swift; path = RetrieveProblem.swift; sourceTree = "<group>"; };
		36E705B31CC79802003F5C6A /* VoteForSolution.swift */ = {isa = PBXFileReference; fileEncoding = 4; lastKnownFileType = sourcecode.swift; path = VoteForSolution.swift; sourceTree = "<group>"; };
		36EB1EB91CB42E9000EA0CC4 /* RetrieveDetailsFromFirebase.swift */ = {isa = PBXFileReference; fileEncoding = 4; lastKnownFileType = sourcecode.swift; path = RetrieveDetailsFromFirebase.swift; sourceTree = "<group>"; };
		36F4EDD81CD4C39600F26996 /* CheckVote.swift */ = {isa = PBXFileReference; fileEncoding = 4; lastKnownFileType = sourcecode.swift; path = CheckVote.swift; sourceTree = "<group>"; };
		36F6FE611CE0EE6200AA8F3B /* CoreData.framework */ = {isa = PBXFileReference; lastKnownFileType = wrapper.framework; name = CoreData.framework; path = System/Library/Frameworks/CoreData.framework; sourceTree = SDKROOT; };
		36F84D361CD75A78008DC722 /* CustomTableViewCell.swift */ = {isa = PBXFileReference; fileEncoding = 4; lastKnownFileType = sourcecode.swift; path = CustomTableViewCell.swift; sourceTree = "<group>"; };
		36F871B61CB81503006706BD /* RetrieveSolutionCountFirebase.swift */ = {isa = PBXFileReference; fileEncoding = 4; lastKnownFileType = sourcecode.swift; path = RetrieveSolutionCountFirebase.swift; sourceTree = "<group>"; };
		6C5236BF09CC9241FCDB6BD8 /* Pods-GoChangeUITests.debug.xcconfig */ = {isa = PBXFileReference; includeInIndex = 1; lastKnownFileType = text.xcconfig; name = "Pods-GoChangeUITests.debug.xcconfig"; path = "Pods/Target Support Files/Pods-GoChangeUITests/Pods-GoChangeUITests.debug.xcconfig"; sourceTree = "<group>"; };
		775D32C143F0CAF5A32CBBC5 /* Pods-GoChangeUITests.release.xcconfig */ = {isa = PBXFileReference; includeInIndex = 1; lastKnownFileType = text.xcconfig; name = "Pods-GoChangeUITests.release.xcconfig"; path = "Pods/Target Support Files/Pods-GoChangeUITests/Pods-GoChangeUITests.release.xcconfig"; sourceTree = "<group>"; };
		7B4A3AF55EBE81B560DDF95D /* Pods-GoChange.debug.xcconfig */ = {isa = PBXFileReference; includeInIndex = 1; lastKnownFileType = text.xcconfig; name = "Pods-GoChange.debug.xcconfig"; path = "Pods/Target Support Files/Pods-GoChange/Pods-GoChange.debug.xcconfig"; sourceTree = "<group>"; };
		85D492DC403305E9C56B7687 /* Pods_GoChange.framework */ = {isa = PBXFileReference; explicitFileType = wrapper.framework; includeInIndex = 0; path = Pods_GoChange.framework; sourceTree = BUILT_PRODUCTS_DIR; };
		903CF867F857ECCFB928725B /* Pods-GoChangeTests.release.xcconfig */ = {isa = PBXFileReference; includeInIndex = 1; lastKnownFileType = text.xcconfig; name = "Pods-GoChangeTests.release.xcconfig"; path = "Pods/Target Support Files/Pods-GoChangeTests/Pods-GoChangeTests.release.xcconfig"; sourceTree = "<group>"; };
		908C89390BA770E728A17D4A /* Pods_GoChangeUITests.framework */ = {isa = PBXFileReference; explicitFileType = wrapper.framework; includeInIndex = 0; path = Pods_GoChangeUITests.framework; sourceTree = BUILT_PRODUCTS_DIR; };
		AC89E41B88BF74C33178393D /* Pods-GoChange.release.xcconfig */ = {isa = PBXFileReference; includeInIndex = 1; lastKnownFileType = text.xcconfig; name = "Pods-GoChange.release.xcconfig"; path = "Pods/Target Support Files/Pods-GoChange/Pods-GoChange.release.xcconfig"; sourceTree = "<group>"; };
/* End PBXFileReference section */

/* Begin PBXFrameworksBuildPhase section */
		36C37C651C7A00E2002B4FB1 /* Frameworks */ = {
			isa = PBXFrameworksBuildPhase;
			buildActionMask = 2147483647;
			files = (
				36F6FE621CE0EE6200AA8F3B /* CoreData.framework in Frameworks */,
				BE0D7C800763A184056638D1 /* Pods_GoChange.framework in Frameworks */,
			);
			runOnlyForDeploymentPostprocessing = 0;
		};
		36C37C7C1C7A00E3002B4FB1 /* Frameworks */ = {
			isa = PBXFrameworksBuildPhase;
			buildActionMask = 2147483647;
			files = (
				27661B128B0D2432F78BF800 /* Pods_GoChangeTests.framework in Frameworks */,
			);
			runOnlyForDeploymentPostprocessing = 0;
		};
		36C37C871C7A00E3002B4FB1 /* Frameworks */ = {
			isa = PBXFrameworksBuildPhase;
			buildActionMask = 2147483647;
			files = (
				4453B0BC951A64820062D4CC /* Pods_GoChangeUITests.framework in Frameworks */,
			);
			runOnlyForDeploymentPostprocessing = 0;
		};
/* End PBXFrameworksBuildPhase section */

/* Begin PBXGroup section */
		36B03CC51C8DFBC700E9427D /* Controllers */ = {
			isa = PBXGroup;
			children = (
				36D82C221CD3A56E00FDA274 /* SearchController.swift */,
				3618C41A1CE23E3A003102C1 /* FindRecentProblem.swift */,
				36CB44131CCF504A000AD3C5 /* ChangeOrgCode.swift */,
				36D963F61CB556A1006F9D36 /* RetrieveSolutionsFromFirebase.swift */,
				36D82C201CD37EC300FDA274 /* RetrieveNamesFromFirebase.swift */,
				361A063F1CB2CD450066C07C /* RetrieveAllNamesFromFirebase.swift */,
				361E7EFE1CE4F70A00998B7E /* CheckForNetwork.swift */,
				36F871B61CB81503006706BD /* RetrieveSolutionCountFirebase.swift */,
				36EB1EB91CB42E9000EA0CC4 /* RetrieveDetailsFromFirebase.swift */,
				36DE37511CB12640005DEEEA /* RetrieveSolutions.swift */,
				36E703EE1CAEE30C007C880C /* RetrieveProblem.swift */,
				36E705B31CC79802003F5C6A /* VoteForSolution.swift */,
				36E564A21CCCA7D9008656EC /* UpdateCoreDataSolutions.swift */,
				36E564A41CCCA815008656EC /* SaveNewSolution.swift */,
				36E5649E1CCCA72E008656EC /* SaveResultToCoreData.swift */,
				36E564A01CCCA79E008656EC /* SaveNewProblem.swift */,
				36F4EDD81CD4C39600F26996 /* CheckVote.swift */,
				36D214581CDA568C00C3142B /* DeleteProblemFromCoreData.swift */,
				3618C41C1CE2573E003102C1 /* GetRecentlyAdded.swift */,
			);
			name = Controllers;
			sourceTree = "<group>";
		};
		36C37C5F1C7A00E2002B4FB1 = {
			isa = PBXGroup;
			children = (
				36C37C6A1C7A00E3002B4FB1 /* GoChange */,
				36C37C821C7A00E3002B4FB1 /* GoChangeTests */,
				36C37C8D1C7A00E3002B4FB1 /* GoChangeUITests */,
				36C37C691C7A00E2002B4FB1 /* Products */,
				63F03377A8A9E4CB0A0482D4 /* Frameworks */,
				B574390CF35D93A337E43070 /* Pods */,
			);
			sourceTree = "<group>";
		};
		36C37C691C7A00E2002B4FB1 /* Products */ = {
			isa = PBXGroup;
			children = (
				36C37C681C7A00E2002B4FB1 /* GoChange.app */,
				36C37C7F1C7A00E3002B4FB1 /* GoChangeTests.xctest */,
				36C37C8A1C7A00E3002B4FB1 /* GoChangeUITests.xctest */,
			);
			name = Products;
			sourceTree = "<group>";
		};
		36C37C6A1C7A00E3002B4FB1 /* GoChange */ = {
			isa = PBXGroup;
			children = (
				36B03CC51C8DFBC700E9427D /* Controllers */,
				36C37CA01C7A0125002B4FB1 /* Helper */,
				36C37C9F1C7A0118002B4FB1 /* Other */,
				36C37C9D1C7A0101002B4FB1 /* View */,
				36C37C9C1C7A00F4002B4FB1 /* UI */,
				36C37C9E1C7A010F002B4FB1 /* Model */,
			);
			path = GoChange;
			sourceTree = "<group>";
		};
		36C37C821C7A00E3002B4FB1 /* GoChangeTests */ = {
			isa = PBXGroup;
			children = (
				36C37C831C7A00E3002B4FB1 /* GoChangeTests.swift */,
				36C37C851C7A00E3002B4FB1 /* Info.plist */,
			);
			path = GoChangeTests;
			sourceTree = "<group>";
		};
		36C37C8D1C7A00E3002B4FB1 /* GoChangeUITests */ = {
			isa = PBXGroup;
			children = (
				36C37C8E1C7A00E3002B4FB1 /* GoChangeUITests.swift */,
				36C37C901C7A00E3002B4FB1 /* Info.plist */,
			);
			path = GoChangeUITests;
			sourceTree = "<group>";
		};
		36C37C9C1C7A00F4002B4FB1 /* UI */ = {
			isa = PBXGroup;
			children = (
				36C37C771C7A00E3002B4FB1 /* LaunchScreen.storyboard */,
				36C37C751C7A00E3002B4FB1 /* Assets.xcassets */,
				36C37C6F1C7A00E3002B4FB1 /* Main.storyboard */,
			);
			name = UI;
			sourceTree = "<group>";
		};
		36C37C9D1C7A0101002B4FB1 /* View */ = {
			isa = PBXGroup;
			children = (
				36F84D361CD75A78008DC722 /* CustomTableViewCell.swift */,
				36C37CA91C7A01AC002B4FB1 /* loginViewController.swift */,
				36C37CAC1C7A01AC002B4FB1 /* SignupViewController.swift */,
				36AE6F351C8C37A50041B5CD /* UpdateUserInfoController.swift */,
				36C37CA71C7A01AC002B4FB1 /* HomeViewController.swift */,
				36C37CA11C7A01AC002B4FB1 /* AddIdeaViewController.swift */,
				36D82C1E1CD3506400FDA274 /* ViewFollowingViewController.swift */,
				369A433E1CD2695C00D84A6B /* ViewIdeaViewController.swift */,
				36C37CA51C7A01AC002B4FB1 /* CreateProblemViewController.swift */,
				36DEEA481CC1612E000FF3A4 /* ViewResultViewController.swift */,
				36C37CA61C7A01AC002B4FB1 /* FollowingViewController.swift */,
				36C37CAB1C7A01AC002B4FB1 /* SearchViewController.swift */,
				36C37CAA1C7A01AC002B4FB1 /* ResultsViewController.swift */,
				36C37CAD1C7A01AC002B4FB1 /* WebViewController.swift */,
			);
			name = View;
			sourceTree = "<group>";
		};
		36C37C9E1C7A010F002B4FB1 /* Model */ = {
			isa = PBXGroup;
			children = (
				36C37C6B1C7A00E3002B4FB1 /* AppDelegate.swift */,
				36C37CBC1C7A01C5002B4FB1 /* GoChangeConstants.swift */,
				369EF17E1C80C5D900D8D46A /* CoreDataStackManager.swift */,
				36C37C721C7A00E3002B4FB1 /* GoChange.xcdatamodeld */,
				369EF17C1C80C24600D8D46A /* Problem.swift */,
				36D7CA061CA597F200A73176 /* Solution.swift */,
				36D7CA041CA542C100A73176 /* TempSave.swift */,
			);
			name = Model;
			sourceTree = "<group>";
		};
		36C37C9F1C7A0118002B4FB1 /* Other */ = {
			isa = PBXGroup;
			children = (
				36BAA9B71CFC554E007A4B3F /* Febrero-Light.otf */,
				36BAA9B81CFC554E007A4B3F /* Febrero-Regular.otf */,
				367AEBDD1CF1B563003AB9B1 /* GoogleService-Info.plist */,
				36C37C7A1C7A00E3002B4FB1 /* Info.plist */,
			);
			name = Other;
			sourceTree = "<group>";
		};
		36C37CA01C7A0125002B4FB1 /* Helper */ = {
			isa = PBXGroup;
			children = (
				36C37CBB1C7A01C5002B4FB1 /* GoChangeClient.swift */,
			);
			name = Helper;
			sourceTree = "<group>";
		};
		63F03377A8A9E4CB0A0482D4 /* Frameworks */ = {
			isa = PBXGroup;
			children = (
				36F6FE611CE0EE6200AA8F3B /* CoreData.framework */,
				85D492DC403305E9C56B7687 /* Pods_GoChange.framework */,
				05D87CD73870A0D071F5D3ED /* Pods_GoChangeTests.framework */,
				908C89390BA770E728A17D4A /* Pods_GoChangeUITests.framework */,
			);
			name = Frameworks;
			sourceTree = "<group>";
		};
		B574390CF35D93A337E43070 /* Pods */ = {
			isa = PBXGroup;
			children = (
				7B4A3AF55EBE81B560DDF95D /* Pods-GoChange.debug.xcconfig */,
				AC89E41B88BF74C33178393D /* Pods-GoChange.release.xcconfig */,
				23380112ACECCADADFF05917 /* Pods-GoChangeTests.debug.xcconfig */,
				903CF867F857ECCFB928725B /* Pods-GoChangeTests.release.xcconfig */,
				6C5236BF09CC9241FCDB6BD8 /* Pods-GoChangeUITests.debug.xcconfig */,
				775D32C143F0CAF5A32CBBC5 /* Pods-GoChangeUITests.release.xcconfig */,
			);
			name = Pods;
			sourceTree = "<group>";
		};
/* End PBXGroup section */

/* Begin PBXNativeTarget section */
		36C37C671C7A00E2002B4FB1 /* GoChange */ = {
			isa = PBXNativeTarget;
			buildConfigurationList = 36C37C931C7A00E3002B4FB1 /* Build configuration list for PBXNativeTarget "GoChange" */;
			buildPhases = (
				ACE07A236EFAAF85848613CC /* 📦 Check Pods Manifest.lock */,
				36C37C641C7A00E2002B4FB1 /* Sources */,
				36C37C651C7A00E2002B4FB1 /* Frameworks */,
				36C37C661C7A00E2002B4FB1 /* Resources */,
				8CEE8733A271D29AAD4F76BD /* 📦 Embed Pods Frameworks */,
				E712B04B1C00CD76467D4B4B /* 📦 Copy Pods Resources */,
			);
			buildRules = (
			);
			dependencies = (
			);
			name = GoChange;
			productName = GoChange;
			productReference = 36C37C681C7A00E2002B4FB1 /* GoChange.app */;
			productType = "com.apple.product-type.application";
		};
		36C37C7E1C7A00E3002B4FB1 /* GoChangeTests */ = {
			isa = PBXNativeTarget;
			buildConfigurationList = 36C37C961C7A00E3002B4FB1 /* Build configuration list for PBXNativeTarget "GoChangeTests" */;
			buildPhases = (
				D18332700FFB9C9C6649A97D /* 📦 Check Pods Manifest.lock */,
				36C37C7B1C7A00E3002B4FB1 /* Sources */,
				36C37C7C1C7A00E3002B4FB1 /* Frameworks */,
				36C37C7D1C7A00E3002B4FB1 /* Resources */,
				441A911D9A13EA72A7A42295 /* 📦 Embed Pods Frameworks */,
				D317DBF550CEE7E9B0D3F636 /* 📦 Copy Pods Resources */,
			);
			buildRules = (
			);
			dependencies = (
				36C37C811C7A00E3002B4FB1 /* PBXTargetDependency */,
			);
			name = GoChangeTests;
			productName = GoChangeTests;
			productReference = 36C37C7F1C7A00E3002B4FB1 /* GoChangeTests.xctest */;
			productType = "com.apple.product-type.bundle.unit-test";
		};
		36C37C891C7A00E3002B4FB1 /* GoChangeUITests */ = {
			isa = PBXNativeTarget;
			buildConfigurationList = 36C37C991C7A00E3002B4FB1 /* Build configuration list for PBXNativeTarget "GoChangeUITests" */;
			buildPhases = (
				A0758C08C8412C5B5266548D /* 📦 Check Pods Manifest.lock */,
				36C37C861C7A00E3002B4FB1 /* Sources */,
				36C37C871C7A00E3002B4FB1 /* Frameworks */,
				36C37C881C7A00E3002B4FB1 /* Resources */,
				C335B3FEB9330679750CBC83 /* 📦 Copy Pods Resources */,
			);
			buildRules = (
			);
			dependencies = (
				36C37C8C1C7A00E3002B4FB1 /* PBXTargetDependency */,
			);
			name = GoChangeUITests;
			productName = GoChangeUITests;
			productReference = 36C37C8A1C7A00E3002B4FB1 /* GoChangeUITests.xctest */;
			productType = "com.apple.product-type.bundle.ui-testing";
		};
/* End PBXNativeTarget section */

/* Begin PBXProject section */
		36C37C601C7A00E2002B4FB1 /* Project object */ = {
			isa = PBXProject;
			attributes = {
				LastSwiftUpdateCheck = 0720;
				LastUpgradeCheck = 0720;
				ORGANIZATIONNAME = "Nick Short";
				TargetAttributes = {
					36C37C671C7A00E2002B4FB1 = {
						CreatedOnToolsVersion = 7.2.1;
						DevelopmentTeam = Z5999YH9X3;
					};
					36C37C7E1C7A00E3002B4FB1 = {
						CreatedOnToolsVersion = 7.2.1;
						TestTargetID = 36C37C671C7A00E2002B4FB1;
					};
					36C37C891C7A00E3002B4FB1 = {
						CreatedOnToolsVersion = 7.2.1;
						TestTargetID = 36C37C671C7A00E2002B4FB1;
					};
				};
			};
			buildConfigurationList = 36C37C631C7A00E2002B4FB1 /* Build configuration list for PBXProject "GoChange" */;
			compatibilityVersion = "Xcode 3.2";
			developmentRegion = English;
			hasScannedForEncodings = 0;
			knownRegions = (
				en,
				Base,
			);
			mainGroup = 36C37C5F1C7A00E2002B4FB1;
			productRefGroup = 36C37C691C7A00E2002B4FB1 /* Products */;
			projectDirPath = "";
			projectRoot = "";
			targets = (
				36C37C671C7A00E2002B4FB1 /* GoChange */,
				36C37C7E1C7A00E3002B4FB1 /* GoChangeTests */,
				36C37C891C7A00E3002B4FB1 /* GoChangeUITests */,
			);
		};
/* End PBXProject section */

/* Begin PBXResourcesBuildPhase section */
		36C37C661C7A00E2002B4FB1 /* Resources */ = {
			isa = PBXResourcesBuildPhase;
			buildActionMask = 2147483647;
			files = (
				36BAA9B91CFC554E007A4B3F /* Febrero-Light.otf in Resources */,
				36C37C791C7A00E3002B4FB1 /* LaunchScreen.storyboard in Resources */,
				36BAA9BA1CFC554E007A4B3F /* Febrero-Regular.otf in Resources */,
				367AEBDE1CF1B563003AB9B1 /* GoogleService-Info.plist in Resources */,
				36C37C761C7A00E3002B4FB1 /* Assets.xcassets in Resources */,
				36C37C711C7A00E3002B4FB1 /* Main.storyboard in Resources */,
			);
			runOnlyForDeploymentPostprocessing = 0;
		};
		36C37C7D1C7A00E3002B4FB1 /* Resources */ = {
			isa = PBXResourcesBuildPhase;
			buildActionMask = 2147483647;
			files = (
			);
			runOnlyForDeploymentPostprocessing = 0;
		};
		36C37C881C7A00E3002B4FB1 /* Resources */ = {
			isa = PBXResourcesBuildPhase;
			buildActionMask = 2147483647;
			files = (
			);
			runOnlyForDeploymentPostprocessing = 0;
		};
/* End PBXResourcesBuildPhase section */

/* Begin PBXShellScriptBuildPhase section */
		441A911D9A13EA72A7A42295 /* 📦 Embed Pods Frameworks */ = {
			isa = PBXShellScriptBuildPhase;
			buildActionMask = 2147483647;
			files = (
			);
			inputPaths = (
			);
			name = "📦 Embed Pods Frameworks";
			outputPaths = (
			);
			runOnlyForDeploymentPostprocessing = 0;
			shellPath = /bin/sh;
			shellScript = "\"${SRCROOT}/Pods/Target Support Files/Pods-GoChangeTests/Pods-GoChangeTests-frameworks.sh\"\n";
			showEnvVarsInLog = 0;
		};
		8CEE8733A271D29AAD4F76BD /* 📦 Embed Pods Frameworks */ = {
			isa = PBXShellScriptBuildPhase;
			buildActionMask = 2147483647;
			files = (
			);
			inputPaths = (
			);
			name = "📦 Embed Pods Frameworks";
			outputPaths = (
			);
			runOnlyForDeploymentPostprocessing = 0;
			shellPath = /bin/sh;
			shellScript = "\"${SRCROOT}/Pods/Target Support Files/Pods-GoChange/Pods-GoChange-frameworks.sh\"\n";
			showEnvVarsInLog = 0;
		};
		A0758C08C8412C5B5266548D /* 📦 Check Pods Manifest.lock */ = {
			isa = PBXShellScriptBuildPhase;
			buildActionMask = 2147483647;
			files = (
			);
			inputPaths = (
			);
			name = "📦 Check Pods Manifest.lock";
			outputPaths = (
			);
			runOnlyForDeploymentPostprocessing = 0;
			shellPath = /bin/sh;
			shellScript = "diff \"${PODS_ROOT}/../Podfile.lock\" \"${PODS_ROOT}/Manifest.lock\" > /dev/null\nif [[ $? != 0 ]] ; then\n    cat << EOM\nerror: The sandbox is not in sync with the Podfile.lock. Run 'pod install' or update your CocoaPods installation.\nEOM\n    exit 1\nfi\n";
			showEnvVarsInLog = 0;
		};
		ACE07A236EFAAF85848613CC /* 📦 Check Pods Manifest.lock */ = {
			isa = PBXShellScriptBuildPhase;
			buildActionMask = 2147483647;
			files = (
			);
			inputPaths = (
			);
			name = "📦 Check Pods Manifest.lock";
			outputPaths = (
			);
			runOnlyForDeploymentPostprocessing = 0;
			shellPath = /bin/sh;
			shellScript = "diff \"${PODS_ROOT}/../Podfile.lock\" \"${PODS_ROOT}/Manifest.lock\" > /dev/null\nif [[ $? != 0 ]] ; then\n    cat << EOM\nerror: The sandbox is not in sync with the Podfile.lock. Run 'pod install' or update your CocoaPods installation.\nEOM\n    exit 1\nfi\n";
			showEnvVarsInLog = 0;
		};
		C335B3FEB9330679750CBC83 /* 📦 Copy Pods Resources */ = {
			isa = PBXShellScriptBuildPhase;
			buildActionMask = 2147483647;
			files = (
			);
			inputPaths = (
			);
			name = "📦 Copy Pods Resources";
			outputPaths = (
			);
			runOnlyForDeploymentPostprocessing = 0;
			shellPath = /bin/sh;
			shellScript = "\"${SRCROOT}/Pods/Target Support Files/Pods-GoChangeUITests/Pods-GoChangeUITests-resources.sh\"\n";
			showEnvVarsInLog = 0;
		};
		D18332700FFB9C9C6649A97D /* 📦 Check Pods Manifest.lock */ = {
			isa = PBXShellScriptBuildPhase;
			buildActionMask = 2147483647;
			files = (
			);
			inputPaths = (
			);
			name = "📦 Check Pods Manifest.lock";
			outputPaths = (
			);
			runOnlyForDeploymentPostprocessing = 0;
			shellPath = /bin/sh;
			shellScript = "diff \"${PODS_ROOT}/../Podfile.lock\" \"${PODS_ROOT}/Manifest.lock\" > /dev/null\nif [[ $? != 0 ]] ; then\n    cat << EOM\nerror: The sandbox is not in sync with the Podfile.lock. Run 'pod install' or update your CocoaPods installation.\nEOM\n    exit 1\nfi\n";
			showEnvVarsInLog = 0;
		};
		D317DBF550CEE7E9B0D3F636 /* 📦 Copy Pods Resources */ = {
			isa = PBXShellScriptBuildPhase;
			buildActionMask = 2147483647;
			files = (
			);
			inputPaths = (
			);
			name = "📦 Copy Pods Resources";
			outputPaths = (
			);
			runOnlyForDeploymentPostprocessing = 0;
			shellPath = /bin/sh;
			shellScript = "\"${SRCROOT}/Pods/Target Support Files/Pods-GoChangeTests/Pods-GoChangeTests-resources.sh\"\n";
			showEnvVarsInLog = 0;
		};
		E712B04B1C00CD76467D4B4B /* 📦 Copy Pods Resources */ = {
			isa = PBXShellScriptBuildPhase;
			buildActionMask = 2147483647;
			files = (
			);
			inputPaths = (
			);
			name = "📦 Copy Pods Resources";
			outputPaths = (
			);
			runOnlyForDeploymentPostprocessing = 0;
			shellPath = /bin/sh;
			shellScript = "\"${SRCROOT}/Pods/Target Support Files/Pods-GoChange/Pods-GoChange-resources.sh\"\n";
			showEnvVarsInLog = 0;
		};
/* End PBXShellScriptBuildPhase section */

/* Begin PBXSourcesBuildPhase section */
		36C37C641C7A00E2002B4FB1 /* Sources */ = {
			isa = PBXSourcesBuildPhase;
			buildActionMask = 2147483647;
			files = (
				36C37CB21C7A01AC002B4FB1 /* CreateProblemViewController.swift in Sources */,
				36D82C211CD37EC300FDA274 /* RetrieveNamesFromFirebase.swift in Sources */,
				36D82C1F1CD3506400FDA274 /* ViewFollowingViewController.swift in Sources */,
				361E7EFF1CE4F70A00998B7E /* CheckForNetwork.swift in Sources */,
				36C37CAE1C7A01AC002B4FB1 /* AddIdeaViewController.swift in Sources */,
				36CB44141CCF504A000AD3C5 /* ChangeOrgCode.swift in Sources */,
				369A433F1CD2695C00D84A6B /* ViewIdeaViewController.swift in Sources */,
				36C37CB41C7A01AC002B4FB1 /* HomeViewController.swift in Sources */,
				361A06401CB2CD450066C07C /* RetrieveAllNamesFromFirebase.swift in Sources */,
				36C37CB81C7A01AC002B4FB1 /* SearchViewController.swift in Sources */,
				36E703EF1CAEE30C007C880C /* RetrieveProblem.swift in Sources */,
				36DEEA491CC1612E000FF3A4 /* ViewResultViewController.swift in Sources */,
				36C37CBF1C7A01C5002B4FB1 /* GoChangeConstants.swift in Sources */,
				36C37CBE1C7A01C5002B4FB1 /* GoChangeClient.swift in Sources */,
				3618C41D1CE2573E003102C1 /* GetRecentlyAdded.swift in Sources */,
				36C37CB61C7A01AC002B4FB1 /* loginViewController.swift in Sources */,
				36C37C6C1C7A00E3002B4FB1 /* AppDelegate.swift in Sources */,
				36E564A11CCCA79E008656EC /* SaveNewProblem.swift in Sources */,
				36E564A51CCCA815008656EC /* SaveNewSolution.swift in Sources */,
				36D7CA051CA542C100A73176 /* TempSave.swift in Sources */,
				36E564A31CCCA7D9008656EC /* UpdateCoreDataSolutions.swift in Sources */,
				369EF17F1C80C5D900D8D46A /* CoreDataStackManager.swift in Sources */,
				36C37CB71C7A01AC002B4FB1 /* ResultsViewController.swift in Sources */,
				36EB1EBA1CB42E9000EA0CC4 /* RetrieveDetailsFromFirebase.swift in Sources */,
				36DE37521CB12640005DEEEA /* RetrieveSolutions.swift in Sources */,
				36F84D371CD75A78008DC722 /* CustomTableViewCell.swift in Sources */,
				36C37CB91C7A01AC002B4FB1 /* SignupViewController.swift in Sources */,
				36AE6F361C8C37A50041B5CD /* UpdateUserInfoController.swift in Sources */,
				36D82C231CD3A56E00FDA274 /* SearchController.swift in Sources */,
				36D214591CDA568C00C3142B /* DeleteProblemFromCoreData.swift in Sources */,
				36C37CB31C7A01AC002B4FB1 /* FollowingViewController.swift in Sources */,
				36E705B41CC79802003F5C6A /* VoteForSolution.swift in Sources */,
				36F4EDD91CD4C39600F26996 /* CheckVote.swift in Sources */,
				36E5649F1CCCA72E008656EC /* SaveResultToCoreData.swift in Sources */,
				36C37C741C7A00E3002B4FB1 /* GoChange.xcdatamodeld in Sources */,
				36D963F71CB556A1006F9D36 /* RetrieveSolutionsFromFirebase.swift in Sources */,
				369EF17D1C80C24600D8D46A /* Problem.swift in Sources */,
				36C37CBA1C7A01AC002B4FB1 /* WebViewController.swift in Sources */,
				3618C41B1CE23E3A003102C1 /* FindRecentProblem.swift in Sources */,
				36D7CA071CA597F200A73176 /* Solution.swift in Sources */,
				36F871B71CB81503006706BD /* RetrieveSolutionCountFirebase.swift in Sources */,
			);
			runOnlyForDeploymentPostprocessing = 0;
		};
		36C37C7B1C7A00E3002B4FB1 /* Sources */ = {
			isa = PBXSourcesBuildPhase;
			buildActionMask = 2147483647;
			files = (
				36C37C841C7A00E3002B4FB1 /* GoChangeTests.swift in Sources */,
			);
			runOnlyForDeploymentPostprocessing = 0;
		};
		36C37C861C7A00E3002B4FB1 /* Sources */ = {
			isa = PBXSourcesBuildPhase;
			buildActionMask = 2147483647;
			files = (
				36C37C8F1C7A00E3002B4FB1 /* GoChangeUITests.swift in Sources */,
			);
			runOnlyForDeploymentPostprocessing = 0;
		};
/* End PBXSourcesBuildPhase section */

/* Begin PBXTargetDependency section */
		36C37C811C7A00E3002B4FB1 /* PBXTargetDependency */ = {
			isa = PBXTargetDependency;
			target = 36C37C671C7A00E2002B4FB1 /* GoChange */;
			targetProxy = 36C37C801C7A00E3002B4FB1 /* PBXContainerItemProxy */;
		};
		36C37C8C1C7A00E3002B4FB1 /* PBXTargetDependency */ = {
			isa = PBXTargetDependency;
			target = 36C37C671C7A00E2002B4FB1 /* GoChange */;
			targetProxy = 36C37C8B1C7A00E3002B4FB1 /* PBXContainerItemProxy */;
		};
/* End PBXTargetDependency section */

/* Begin PBXVariantGroup section */
		36C37C6F1C7A00E3002B4FB1 /* Main.storyboard */ = {
			isa = PBXVariantGroup;
			children = (
				36C37C701C7A00E3002B4FB1 /* Base */,
			);
			name = Main.storyboard;
			sourceTree = "<group>";
		};
		36C37C771C7A00E3002B4FB1 /* LaunchScreen.storyboard */ = {
			isa = PBXVariantGroup;
			children = (
				36C37C781C7A00E3002B4FB1 /* Base */,
			);
			name = LaunchScreen.storyboard;
			sourceTree = "<group>";
		};
/* End PBXVariantGroup section */

/* Begin XCBuildConfiguration section */
		36C37C911C7A00E3002B4FB1 /* Debug */ = {
			isa = XCBuildConfiguration;
			buildSettings = {
				ALWAYS_SEARCH_USER_PATHS = NO;
				CLANG_CXX_LANGUAGE_STANDARD = "gnu++0x";
				CLANG_CXX_LIBRARY = "libc++";
				CLANG_ENABLE_MODULES = YES;
				CLANG_ENABLE_OBJC_ARC = YES;
				CLANG_WARN_BOOL_CONVERSION = YES;
				CLANG_WARN_CONSTANT_CONVERSION = YES;
				CLANG_WARN_DIRECT_OBJC_ISA_USAGE = YES_ERROR;
				CLANG_WARN_EMPTY_BODY = YES;
				CLANG_WARN_ENUM_CONVERSION = YES;
				CLANG_WARN_INT_CONVERSION = YES;
				CLANG_WARN_OBJC_ROOT_CLASS = YES_ERROR;
				CLANG_WARN_UNREACHABLE_CODE = YES;
				CLANG_WARN__DUPLICATE_METHOD_MATCH = YES;
				"CODE_SIGN_IDENTITY[sdk=iphoneos*]" = "iPhone Developer";
				COPY_PHASE_STRIP = NO;
				DEBUG_INFORMATION_FORMAT = dwarf;
				ENABLE_STRICT_OBJC_MSGSEND = YES;
				ENABLE_TESTABILITY = YES;
				GCC_C_LANGUAGE_STANDARD = gnu99;
				GCC_DYNAMIC_NO_PIC = NO;
				GCC_NO_COMMON_BLOCKS = YES;
				GCC_OPTIMIZATION_LEVEL = 0;
				GCC_PREPROCESSOR_DEFINITIONS = (
					"DEBUG=1",
					"$(inherited)",
				);
				GCC_WARN_64_TO_32_BIT_CONVERSION = YES;
				GCC_WARN_ABOUT_RETURN_TYPE = YES_ERROR;
				GCC_WARN_UNDECLARED_SELECTOR = YES;
				GCC_WARN_UNINITIALIZED_AUTOS = YES_AGGRESSIVE;
				GCC_WARN_UNUSED_FUNCTION = YES;
				GCC_WARN_UNUSED_VARIABLE = YES;
				IPHONEOS_DEPLOYMENT_TARGET = 9.2;
				MTL_ENABLE_DEBUG_INFO = YES;
				ONLY_ACTIVE_ARCH = YES;
				SDKROOT = iphoneos;
				SWIFT_OPTIMIZATION_LEVEL = "-Onone";
				TARGETED_DEVICE_FAMILY = "1,2";
			};
			name = Debug;
		};
		36C37C921C7A00E3002B4FB1 /* Release */ = {
			isa = XCBuildConfiguration;
			buildSettings = {
				ALWAYS_SEARCH_USER_PATHS = NO;
				CLANG_CXX_LANGUAGE_STANDARD = "gnu++0x";
				CLANG_CXX_LIBRARY = "libc++";
				CLANG_ENABLE_MODULES = YES;
				CLANG_ENABLE_OBJC_ARC = YES;
				CLANG_WARN_BOOL_CONVERSION = YES;
				CLANG_WARN_CONSTANT_CONVERSION = YES;
				CLANG_WARN_DIRECT_OBJC_ISA_USAGE = YES_ERROR;
				CLANG_WARN_EMPTY_BODY = YES;
				CLANG_WARN_ENUM_CONVERSION = YES;
				CLANG_WARN_INT_CONVERSION = YES;
				CLANG_WARN_OBJC_ROOT_CLASS = YES_ERROR;
				CLANG_WARN_UNREACHABLE_CODE = YES;
				CLANG_WARN__DUPLICATE_METHOD_MATCH = YES;
				"CODE_SIGN_IDENTITY[sdk=iphoneos*]" = "iPhone Developer";
				COPY_PHASE_STRIP = NO;
				DEBUG_INFORMATION_FORMAT = "dwarf-with-dsym";
				ENABLE_NS_ASSERTIONS = NO;
				ENABLE_STRICT_OBJC_MSGSEND = YES;
				GCC_C_LANGUAGE_STANDARD = gnu99;
				GCC_NO_COMMON_BLOCKS = YES;
				GCC_WARN_64_TO_32_BIT_CONVERSION = YES;
				GCC_WARN_ABOUT_RETURN_TYPE = YES_ERROR;
				GCC_WARN_UNDECLARED_SELECTOR = YES;
				GCC_WARN_UNINITIALIZED_AUTOS = YES_AGGRESSIVE;
				GCC_WARN_UNUSED_FUNCTION = YES;
				GCC_WARN_UNUSED_VARIABLE = YES;
				IPHONEOS_DEPLOYMENT_TARGET = 9.2;
				MTL_ENABLE_DEBUG_INFO = NO;
				SDKROOT = iphoneos;
				TARGETED_DEVICE_FAMILY = "1,2";
				VALIDATE_PRODUCT = YES;
			};
			name = Release;
		};
		36C37C941C7A00E3002B4FB1 /* Debug */ = {
			isa = XCBuildConfiguration;
			baseConfigurationReference = 7B4A3AF55EBE81B560DDF95D /* Pods-GoChange.debug.xcconfig */;
			buildSettings = {
				ASSETCATALOG_COMPILER_APPICON_NAME = AppIcon;
				CODE_SIGN_IDENTITY = "iPhone Developer";
				INFOPLIST_FILE = GoChange/Info.plist;
				LD_RUNPATH_SEARCH_PATHS = "$(inherited) @executable_path/Frameworks";
				PRODUCT_BUNDLE_IDENTIFIER = "com.Nick-short.GoChange";
				PRODUCT_NAME = "$(TARGET_NAME)";
			};
			name = Debug;
		};
		36C37C951C7A00E3002B4FB1 /* Release */ = {
			isa = XCBuildConfiguration;
			baseConfigurationReference = AC89E41B88BF74C33178393D /* Pods-GoChange.release.xcconfig */;
			buildSettings = {
				ASSETCATALOG_COMPILER_APPICON_NAME = AppIcon;
				CODE_SIGN_IDENTITY = "iPhone Developer";
				INFOPLIST_FILE = GoChange/Info.plist;
				LD_RUNPATH_SEARCH_PATHS = "$(inherited) @executable_path/Frameworks";
				PRODUCT_BUNDLE_IDENTIFIER = "com.Nick-short.GoChange";
				PRODUCT_NAME = "$(TARGET_NAME)";
			};
			name = Release;
		};
		36C37C971C7A00E3002B4FB1 /* Debug */ = {
			isa = XCBuildConfiguration;
			baseConfigurationReference = 23380112ACECCADADFF05917 /* Pods-GoChangeTests.debug.xcconfig */;
			buildSettings = {
				BUNDLE_LOADER = "$(TEST_HOST)";
				INFOPLIST_FILE = GoChangeTests/Info.plist;
				LD_RUNPATH_SEARCH_PATHS = "$(inherited) @executable_path/Frameworks @loader_path/Frameworks";
				PRODUCT_BUNDLE_IDENTIFIER = "com.Nick-short.GoChangeTests";
				PRODUCT_NAME = "$(TARGET_NAME)";
				TEST_HOST = "$(BUILT_PRODUCTS_DIR)/GoChange.app/GoChange";
			};
			name = Debug;
		};
		36C37C981C7A00E3002B4FB1 /* Release */ = {
			isa = XCBuildConfiguration;
			baseConfigurationReference = 903CF867F857ECCFB928725B /* Pods-GoChangeTests.release.xcconfig */;
			buildSettings = {
				BUNDLE_LOADER = "$(TEST_HOST)";
				INFOPLIST_FILE = GoChangeTests/Info.plist;
				LD_RUNPATH_SEARCH_PATHS = "$(inherited) @executable_path/Frameworks @loader_path/Frameworks";
				PRODUCT_BUNDLE_IDENTIFIER = "com.Nick-short.GoChangeTests";
				PRODUCT_NAME = "$(TARGET_NAME)";
				TEST_HOST = "$(BUILT_PRODUCTS_DIR)/GoChange.app/GoChange";
			};
			name = Release;
		};
		36C37C9A1C7A00E3002B4FB1 /* Debug */ = {
			isa = XCBuildConfiguration;
			baseConfigurationReference = 6C5236BF09CC9241FCDB6BD8 /* Pods-GoChangeUITests.debug.xcconfig */;
			buildSettings = {
				INFOPLIST_FILE = GoChangeUITests/Info.plist;
				LD_RUNPATH_SEARCH_PATHS = "$(inherited) @executable_path/Frameworks @loader_path/Frameworks";
				PRODUCT_BUNDLE_IDENTIFIER = "com.Nick-short.GoChangeUITests";
				PRODUCT_NAME = "$(TARGET_NAME)";
				TEST_TARGET_NAME = GoChange;
				USES_XCTRUNNER = YES;
			};
			name = Debug;
		};
		36C37C9B1C7A00E3002B4FB1 /* Release */ = {
			isa = XCBuildConfiguration;
			baseConfigurationReference = 775D32C143F0CAF5A32CBBC5 /* Pods-GoChangeUITests.release.xcconfig */;
			buildSettings = {
				INFOPLIST_FILE = GoChangeUITests/Info.plist;
				LD_RUNPATH_SEARCH_PATHS = "$(inherited) @executable_path/Frameworks @loader_path/Frameworks";
				PRODUCT_BUNDLE_IDENTIFIER = "com.Nick-short.GoChangeUITests";
				PRODUCT_NAME = "$(TARGET_NAME)";
				TEST_TARGET_NAME = GoChange;
				USES_XCTRUNNER = YES;
			};
			name = Release;
		};
/* End XCBuildConfiguration section */

/* Begin XCConfigurationList section */
		36C37C631C7A00E2002B4FB1 /* Build configuration list for PBXProject "GoChange" */ = {
			isa = XCConfigurationList;
			buildConfigurations = (
				36C37C911C7A00E3002B4FB1 /* Debug */,
				36C37C921C7A00E3002B4FB1 /* Release */,
			);
			defaultConfigurationIsVisible = 0;
			defaultConfigurationName = Release;
		};
		36C37C931C7A00E3002B4FB1 /* Build configuration list for PBXNativeTarget "GoChange" */ = {
			isa = XCConfigurationList;
			buildConfigurations = (
				36C37C941C7A00E3002B4FB1 /* Debug */,
				36C37C951C7A00E3002B4FB1 /* Release */,
			);
			defaultConfigurationIsVisible = 0;
			defaultConfigurationName = Release;
		};
		36C37C961C7A00E3002B4FB1 /* Build configuration list for PBXNativeTarget "GoChangeTests" */ = {
			isa = XCConfigurationList;
			buildConfigurations = (
				36C37C971C7A00E3002B4FB1 /* Debug */,
				36C37C981C7A00E3002B4FB1 /* Release */,
			);
			defaultConfigurationIsVisible = 0;
			defaultConfigurationName = Release;
		};
		36C37C991C7A00E3002B4FB1 /* Build configuration list for PBXNativeTarget "GoChangeUITests" */ = {
			isa = XCConfigurationList;
			buildConfigurations = (
				36C37C9A1C7A00E3002B4FB1 /* Debug */,
				36C37C9B1C7A00E3002B4FB1 /* Release */,
			);
			defaultConfigurationIsVisible = 0;
			defaultConfigurationName = Release;
		};
/* End XCConfigurationList section */

/* Begin XCVersionGroup section */
		36C37C721C7A00E3002B4FB1 /* GoChange.xcdatamodeld */ = {
			isa = XCVersionGroup;
			children = (
				36C37C731C7A00E3002B4FB1 /* GoChange.xcdatamodel */,
			);
			currentVersion = 36C37C731C7A00E3002B4FB1 /* GoChange.xcdatamodel */;
			path = GoChange.xcdatamodeld;
			sourceTree = "<group>";
			versionGroupType = wrapper.xcdatamodel;
		};
/* End XCVersionGroup section */
	};
	rootObject = 36C37C601C7A00E2002B4FB1 /* Project object */;
}
